
Microsoft Visual Studio Solution File, Format Version 12.00
# Visual Studio Version 16
VisualStudioVersion = 16.0.31005.135
MinimumVisualStudioVersion = 10.0.40219.1
Project("{FAE04EC0-301F-11D3-BF4B-00C04F79EFBC}") = "ConsoleApp2", "ConsoleApp2\ConsoleApp2.csproj", "{6E931514-A05E-415F-AA3F-74833E3BBB3D}"
EndProject
Project("{FAE04EC0-301F-11D3-BF4B-00C04F79EFBC}") = "GUI", "GUI\GUI.csproj", "{98D6748C-B75E-4FBB-82DE-A1D99341954B}"
EndProject
Project("{FAE04EC0-301F-11D3-BF4B-00C04F79EFBC}") = "Mydatabase", "Data\Mydatabase.csproj", "{B112152E-7598-4E31-B0B1-8F918DE5CC18}"
EndProject
Project("{FAE04EC0-301F-11D3-BF4B-00C04F79EFBC}") = "Models", "Models\Models.csproj", "{F599ED9D-F00A-4754-850E-AFC337A62F2F}"
EndProject
Project("{FAE04EC0-301F-11D3-BF4B-00C04F79EFBC}") = "Repository", "Repository\Repository.csproj", "{C90D79F9-2738-4B9A-BB59-E02993CF03C9}"
EndProject
Project("{FAE04EC0-301F-11D3-BF4B-00C04F79EFBC}") = "Service", "Service\Service.csproj", "{6B8D0A65-2813-464A-8997-B05E33FB42E7}"
EndProject
Global
	GlobalSection(SolutionConfigurationPlatforms) = preSolution
		Debug|Any CPU = Debug|Any CPU
		Release|Any CPU = Release|Any CPU
	EndGlobalSection
	GlobalSection(ProjectConfigurationPlatforms) = postSolution
		{6E931514-A05E-415F-AA3F-74833E3BBB3D}.Debug|Any CPU.ActiveCfg = Debug|Any CPU
		{6E931514-A05E-415F-AA3F-74833E3BBB3D}.Debug|Any CPU.Build.0 = Debug|Any CPU
		{6E931514-A05E-415F-AA3F-74833E3BBB3D}.Release|Any CPU.ActiveCfg = Release|Any CPU
		{6E931514-A05E-415F-AA3F-74833E3BBB3D}.Release|Any CPU.Build.0 = Release|Any CPU
		{98D6748C-B75E-4FBB-82DE-A1D99341954B}.Debug|Any CPU.ActiveCfg = Debug|Any CPU
		{98D6748C-B75E-4FBB-82DE-A1D99341954B}.Debug|Any CPU.Build.0 = Debug|Any CPU
		{98D6748C-B75E-4FBB-82DE-A1D99341954B}.Release|Any CPU.ActiveCfg = Release|Any CPU
		{98D6748C-B75E-4FBB-82DE-A1D99341954B}.Release|Any CPU.Build.0 = Release|Any CPU
		{B112152E-7598-4E31-B0B1-8F918DE5CC18}.Debug|Any CPU.ActiveCfg = Debug|Any CPU
		{B112152E-7598-4E31-B0B1-8F918DE5CC18}.Debug|Any CPU.Build.0 = Debug|Any CPU
		{B112152E-7598-4E31-B0B1-8F918DE5CC18}.Release|Any CPU.ActiveCfg = Release|Any CPU
		{B112152E-7598-4E31-B0B1-8F918DE5CC18}.Release|Any CPU.Build.0 = Release|Any CPU
		{F599ED9D-F00A-4754-850E-AFC337A62F2F}.Debug|Any CPU.ActiveCfg = Debug|Any CPU
		{F599ED9D-F00A-4754-850E-AFC337A62F2F}.Debug|Any CPU.Build.0 = Debug|Any CPU
		{F599ED9D-F00A-4754-850E-AFC337A62F2F}.Release|Any CPU.ActiveCfg = Release|Any CPU
		{F599ED9D-F00A-4754-850E-AFC337A62F2F}.Release|Any CPU.Build.0 = Release|Any CPU
		{C90D79F9-2738-4B9A-BB59-E02993CF03C9}.Debug|Any CPU.ActiveCfg = Debug|Any CPU
		{C90D79F9-2738-4B9A-BB59-E02993CF03C9}.Debug|Any CPU.Build.0 = Debug|Any CPU
		{C90D79F9-2738-4B9A-BB59-E02993CF03C9}.Release|Any CPU.ActiveCfg = Release|Any CPU
		{C90D79F9-2738-4B9A-BB59-E02993CF03C9}.Release|Any CPU.Build.0 = Release|Any CPU
		{6B8D0A65-2813-464A-8997-B05E33FB42E7}.Debug|Any CPU.ActiveCfg = Debug|Any CPU
		{6B8D0A65-2813-464A-8997-B05E33FB42E7}.Debug|Any CPU.Build.0 = Debug|Any CPU
		{6B8D0A65-2813-464A-8997-B05E33FB42E7}.Release|Any CPU.ActiveCfg = Release|Any CPU
		{6B8D0A65-2813-464A-8997-B05E33FB42E7}.Release|Any CPU.Build.0 = Release|Any CPU
	EndGlobalSection
	GlobalSection(SolutionProperties) = preSolution
		HideSolutionNode = FALSE
	EndGlobalSection
	GlobalSection(ExtensibilityGlobals) = postSolution
		SolutionGuid = {B0E2974B-892C-4EF6-BBF4-5C828BB959BF}
	EndGlobalSection
EndGlobal
